
Microsoft Visual Studio Solution File, Format Version 12.00
# Visual Studio Version 17
VisualStudioVersion = 17.7.34031.279
MinimumVisualStudioVersion = 10.0.40219.1
Project("{FAE04EC0-301F-11D3-BF4B-00C04F79EFBC}") = "Glab1", "Glab1\Glab1.csproj", "{DB491CD5-6265-4FB8-A6CE-2DB94BA7D6DD}"
EndProject
Global
	GlobalSection(SolutionConfigurationPlatforms) = preSolution
		Debug|Any CPU = Debug|Any CPU
		Release|Any CPU = Release|Any CPU
	EndGlobalSection
	GlobalSection(ProjectConfigurationPlatforms) = postSolution
		{DB491CD5-6265-4FB8-A6CE-2DB94BA7D6DD}.Debug|Any CPU.ActiveCfg = Debug|Any CPU
		{DB491CD5-6265-4FB8-A6CE-2DB94BA7D6DD}.Debug|Any CPU.Build.0 = Debug|Any CPU
		{DB491CD5-6265-4FB8-A6CE-2DB94BA7D6DD}.Release|Any CPU.ActiveCfg = Release|Any CPU
		{DB491CD5-6265-4FB8-A6CE-2DB94BA7D6DD}.Release|Any CPU.Build.0 = Release|Any CPU
	EndGlobalSection
	GlobalSection(SolutionProperties) = preSolution
		HideSolutionNode = FALSE
	EndGlobalSection
	GlobalSection(ExtensibilityGlobals) = postSolution
		SolutionGuid = {3E1D1D1E-7983-4594-8D68-D4A1F83C36C8}
	EndGlobalSection
EndGlobal
